
Microsoft Visual Studio Solution File, Format Version 12.00
# Visual Studio Version 16
VisualStudioVersion = 16.0.29806.167
MinimumVisualStudioVersion = 10.0.40219.1
Project("{FAE04EC0-301F-11D3-BF4B-00C04F79EFBC}") = "ShoppingSpree", "ShoppingSpree\ShoppingSpree.csproj", "{905A828C-010B-40E8-8E4D-B57B8EAF30B9}"
EndProject
Global
	GlobalSection(SolutionConfigurationPlatforms) = preSolution
		Debug|Any CPU = Debug|Any CPU
		Release|Any CPU = Release|Any CPU
	EndGlobalSection
	GlobalSection(ProjectConfigurationPlatforms) = postSolution
		{905A828C-010B-40E8-8E4D-B57B8EAF30B9}.Debug|Any CPU.ActiveCfg = Debug|Any CPU
		{905A828C-010B-40E8-8E4D-B57B8EAF30B9}.Debug|Any CPU.Build.0 = Debug|Any CPU
		{905A828C-010B-40E8-8E4D-B57B8EAF30B9}.Release|Any CPU.ActiveCfg = Release|Any CPU
		{905A828C-010B-40E8-8E4D-B57B8EAF30B9}.Release|Any CPU.Build.0 = Release|Any CPU
	EndGlobalSection
	GlobalSection(SolutionProperties) = preSolution
		HideSolutionNode = FALSE
	EndGlobalSection
	GlobalSection(ExtensibilityGlobals) = postSolution
		SolutionGuid = {5F0B0430-1E74-4B3A-8491-2DC5AA3144B8}
	EndGlobalSection
EndGlobal
